
Microsoft Visual Studio Solution File, Format Version 12.00
# Visual Studio Version 16
VisualStudioVersion = 16.0.31702.278
MinimumVisualStudioVersion = 10.0.40219.1
Project("{FAE04EC0-301F-11D3-BF4B-00C04F79EFBC}") = "LingQ-Tutorial", "LingQ-Tutorial\LingQ-Tutorial.csproj", "{0ECB34CE-1E3F-4E81-99B1-873C9B6CEDF7}"
EndProject
Global
	GlobalSection(SolutionConfigurationPlatforms) = preSolution
		Debug|Any CPU = Debug|Any CPU
		Release|Any CPU = Release|Any CPU
	EndGlobalSection
	GlobalSection(ProjectConfigurationPlatforms) = postSolution
		{0ECB34CE-1E3F-4E81-99B1-873C9B6CEDF7}.Debug|Any CPU.ActiveCfg = Debug|Any CPU
		{0ECB34CE-1E3F-4E81-99B1-873C9B6CEDF7}.Debug|Any CPU.Build.0 = Debug|Any CPU
		{0ECB34CE-1E3F-4E81-99B1-873C9B6CEDF7}.Release|Any CPU.ActiveCfg = Release|Any CPU
		{0ECB34CE-1E3F-4E81-99B1-873C9B6CEDF7}.Release|Any CPU.Build.0 = Release|Any CPU
	EndGlobalSection
	GlobalSection(SolutionProperties) = preSolution
		HideSolutionNode = FALSE
	EndGlobalSection
	GlobalSection(ExtensibilityGlobals) = postSolution
		SolutionGuid = {C99C45E7-7799-4291-AF85-4712CC9903F5}
	EndGlobalSection
EndGlobal
